
Microsoft Visual Studio Solution File, Format Version 12.00
# Visual Studio Version 16
VisualStudioVersion = 16.0.31729.503
MinimumVisualStudioVersion = 10.0.40219.1
Project("{FAE04EC0-301F-11D3-BF4B-00C04F79EFBC}") = "Charging stations", "Charging stations.csproj", "{F32EAB03-6A37-4FF8-BFD9-8E0A3A9B9EB8}"
EndProject
Global
	GlobalSection(SolutionConfigurationPlatforms) = preSolution
		Debug|Any CPU = Debug|Any CPU
		Release|Any CPU = Release|Any CPU
	EndGlobalSection
	GlobalSection(ProjectConfigurationPlatforms) = postSolution
		{F32EAB03-6A37-4FF8-BFD9-8E0A3A9B9EB8}.Debug|Any CPU.ActiveCfg = Debug|Any CPU
		{F32EAB03-6A37-4FF8-BFD9-8E0A3A9B9EB8}.Debug|Any CPU.Build.0 = Debug|Any CPU
		{F32EAB03-6A37-4FF8-BFD9-8E0A3A9B9EB8}.Release|Any CPU.ActiveCfg = Release|Any CPU
		{F32EAB03-6A37-4FF8-BFD9-8E0A3A9B9EB8}.Release|Any CPU.Build.0 = Release|Any CPU
	EndGlobalSection
	GlobalSection(SolutionProperties) = preSolution
		HideSolutionNode = FALSE
	EndGlobalSection
	GlobalSection(ExtensibilityGlobals) = postSolution
		SolutionGuid = {25316B2E-CB47-48A7-BA9D-CDCC46CFC215}
	EndGlobalSection
EndGlobal
